
Microsoft Visual Studio Solution File, Format Version 12.00
# Visual Studio Version 16
VisualStudioVersion = 16.0.29519.181
MinimumVisualStudioVersion = 10.0.40219.1
Project("{9A19103F-16F7-4668-BE54-9A1E7A4F7556}") = "ConwayLife.Core", "src\ConwayLife.Core\ConwayLife.Core.csproj", "{D66AB7DE-111B-4404-8DF0-0CDFFD760AD6}"
EndProject
Project("{9A19103F-16F7-4668-BE54-9A1E7A4F7556}") = "ConwayLife.App", "src\ConwayLife.App\ConwayLife.App.csproj", "{2CF9684A-AB3E-4F09-83FE-7369C034C202}"
EndProject
Global
	GlobalSection(SolutionConfigurationPlatforms) = preSolution
		Debug|Any CPU = Debug|Any CPU
		Release|Any CPU = Release|Any CPU
	EndGlobalSection
	GlobalSection(ProjectConfigurationPlatforms) = postSolution
		{D66AB7DE-111B-4404-8DF0-0CDFFD760AD6}.Debug|Any CPU.ActiveCfg = Debug|Any CPU
		{D66AB7DE-111B-4404-8DF0-0CDFFD760AD6}.Debug|Any CPU.Build.0 = Debug|Any CPU
		{D66AB7DE-111B-4404-8DF0-0CDFFD760AD6}.Release|Any CPU.ActiveCfg = Release|Any CPU
		{D66AB7DE-111B-4404-8DF0-0CDFFD760AD6}.Release|Any CPU.Build.0 = Release|Any CPU
		{2CF9684A-AB3E-4F09-83FE-7369C034C202}.Debug|Any CPU.ActiveCfg = Debug|Any CPU
		{2CF9684A-AB3E-4F09-83FE-7369C034C202}.Debug|Any CPU.Build.0 = Debug|Any CPU
		{2CF9684A-AB3E-4F09-83FE-7369C034C202}.Release|Any CPU.ActiveCfg = Release|Any CPU
		{2CF9684A-AB3E-4F09-83FE-7369C034C202}.Release|Any CPU.Build.0 = Release|Any CPU
	EndGlobalSection
	GlobalSection(SolutionProperties) = preSolution
		HideSolutionNode = FALSE
	EndGlobalSection
	GlobalSection(ExtensibilityGlobals) = postSolution
		SolutionGuid = {19697E95-B91B-4439-8133-3C7BB989A26B}
	EndGlobalSection
EndGlobal
